
Microsoft Visual Studio Solution File, Format Version 12.00
# Visual Studio Version 16
VisualStudioVersion = 16.0.31205.134
MinimumVisualStudioVersion = 10.0.40219.1
Project("{FAE04EC0-301F-11D3-BF4B-00C04F79EFBC}") = "WCF_WS_WindowsForm_Client", "..\..\1_XML_WS\XML_WS_WindowsForm_Client\WCF_WS_WindowsForm_Client.csproj", "{753AE1DE-5A89-45A4-94A5-3568982563AD}"
EndProject
Global
	GlobalSection(SolutionConfigurationPlatforms) = preSolution
		Debug|Any CPU = Debug|Any CPU
		Release|Any CPU = Release|Any CPU
	EndGlobalSection
	GlobalSection(ProjectConfigurationPlatforms) = postSolution
		{753AE1DE-5A89-45A4-94A5-3568982563AD}.Debug|Any CPU.ActiveCfg = Debug|Any CPU
		{753AE1DE-5A89-45A4-94A5-3568982563AD}.Debug|Any CPU.Build.0 = Debug|Any CPU
		{753AE1DE-5A89-45A4-94A5-3568982563AD}.Release|Any CPU.ActiveCfg = Release|Any CPU
		{753AE1DE-5A89-45A4-94A5-3568982563AD}.Release|Any CPU.Build.0 = Release|Any CPU
	EndGlobalSection
	GlobalSection(SolutionProperties) = preSolution
		HideSolutionNode = FALSE
	EndGlobalSection
	GlobalSection(ExtensibilityGlobals) = postSolution
		SolutionGuid = {2826A987-D6F9-4B68-B440-56D078EC1984}
	EndGlobalSection
EndGlobal
