
Microsoft Visual Studio Solution File, Format Version 12.00
# Visual Studio Version 16
VisualStudioVersion = 16.0.31205.134
MinimumVisualStudioVersion = 10.0.40219.1
Project("{FAE04EC0-301F-11D3-BF4B-00C04F79EFBC}") = "WCFBD2", "WCFBD2.csproj", "{538067BC-60EC-493E-9142-13136FF25588}"
EndProject
Global
	GlobalSection(SolutionConfigurationPlatforms) = preSolution
		Debug|Any CPU = Debug|Any CPU
		Release|Any CPU = Release|Any CPU
	EndGlobalSection
	GlobalSection(ProjectConfigurationPlatforms) = postSolution
		{538067BC-60EC-493E-9142-13136FF25588}.Debug|Any CPU.ActiveCfg = Debug|Any CPU
		{538067BC-60EC-493E-9142-13136FF25588}.Debug|Any CPU.Build.0 = Debug|Any CPU
		{538067BC-60EC-493E-9142-13136FF25588}.Release|Any CPU.ActiveCfg = Release|Any CPU
		{538067BC-60EC-493E-9142-13136FF25588}.Release|Any CPU.Build.0 = Release|Any CPU
	EndGlobalSection
	GlobalSection(SolutionProperties) = preSolution
		HideSolutionNode = FALSE
	EndGlobalSection
	GlobalSection(ExtensibilityGlobals) = postSolution
		SolutionGuid = {FEA0A36A-2C9B-4D6C-B1E5-38A9834CCF0D}
	EndGlobalSection
EndGlobal
