
Microsoft Visual Studio Solution File, Format Version 12.00
# Visual Studio Version 16
VisualStudioVersion = 16.0.31205.134
MinimumVisualStudioVersion = 10.0.40219.1
Project("{FAE04EC0-301F-11D3-BF4B-00C04F79EFBC}") = "ConsoleClient", "ConsoleClient.csproj", "{05779056-C4EE-4E6E-BE9D-BE83F98956D0}"
EndProject
Global
	GlobalSection(SolutionConfigurationPlatforms) = preSolution
		Debug|Any CPU = Debug|Any CPU
		Release|Any CPU = Release|Any CPU
	EndGlobalSection
	GlobalSection(ProjectConfigurationPlatforms) = postSolution
		{05779056-C4EE-4E6E-BE9D-BE83F98956D0}.Debug|Any CPU.ActiveCfg = Debug|Any CPU
		{05779056-C4EE-4E6E-BE9D-BE83F98956D0}.Debug|Any CPU.Build.0 = Debug|Any CPU
		{05779056-C4EE-4E6E-BE9D-BE83F98956D0}.Release|Any CPU.ActiveCfg = Release|Any CPU
		{05779056-C4EE-4E6E-BE9D-BE83F98956D0}.Release|Any CPU.Build.0 = Release|Any CPU
	EndGlobalSection
	GlobalSection(SolutionProperties) = preSolution
		HideSolutionNode = FALSE
	EndGlobalSection
	GlobalSection(ExtensibilityGlobals) = postSolution
		SolutionGuid = {2826A987-D6F9-4B68-B440-56D078EC1984}
	EndGlobalSection
EndGlobal
